
Microsoft Visual Studio Solution File, Format Version 12.00
# Visual Studio Version 16
VisualStudioVersion = 16.0.30523.141
MinimumVisualStudioVersion = 10.0.40219.1
Project("{FAE04EC0-301F-11D3-BF4B-00C04F79EFBC}") = "練習16", "練習16\練習16.csproj", "{1320F9AB-80E7-4F67-BBC1-144633323CEF}"
EndProject
Global
	GlobalSection(SolutionConfigurationPlatforms) = preSolution
		Debug|Any CPU = Debug|Any CPU
		Release|Any CPU = Release|Any CPU
	EndGlobalSection
	GlobalSection(ProjectConfigurationPlatforms) = postSolution
		{1320F9AB-80E7-4F67-BBC1-144633323CEF}.Debug|Any CPU.ActiveCfg = Debug|Any CPU
		{1320F9AB-80E7-4F67-BBC1-144633323CEF}.Debug|Any CPU.Build.0 = Debug|Any CPU
		{1320F9AB-80E7-4F67-BBC1-144633323CEF}.Release|Any CPU.ActiveCfg = Release|Any CPU
		{1320F9AB-80E7-4F67-BBC1-144633323CEF}.Release|Any CPU.Build.0 = Release|Any CPU
	EndGlobalSection
	GlobalSection(SolutionProperties) = preSolution
		HideSolutionNode = FALSE
	EndGlobalSection
	GlobalSection(ExtensibilityGlobals) = postSolution
		SolutionGuid = {3CEAB96D-EB34-4BA4-BDBA-985EE0E97573}
	EndGlobalSection
EndGlobal
