
Microsoft Visual Studio Solution File, Format Version 12.00
# Visual Studio Version 16
VisualStudioVersion = 16.0.30523.141
MinimumVisualStudioVersion = 10.0.40219.1
Project("{FAE04EC0-301F-11D3-BF4B-00C04F79EFBC}") = "練習6", "練習6\練習6.csproj", "{C65AAB1A-1657-4E15-B0F1-B0DBC8F84320}"
EndProject
Global
	GlobalSection(SolutionConfigurationPlatforms) = preSolution
		Debug|Any CPU = Debug|Any CPU
		Release|Any CPU = Release|Any CPU
	EndGlobalSection
	GlobalSection(ProjectConfigurationPlatforms) = postSolution
		{C65AAB1A-1657-4E15-B0F1-B0DBC8F84320}.Debug|Any CPU.ActiveCfg = Debug|Any CPU
		{C65AAB1A-1657-4E15-B0F1-B0DBC8F84320}.Debug|Any CPU.Build.0 = Debug|Any CPU
		{C65AAB1A-1657-4E15-B0F1-B0DBC8F84320}.Release|Any CPU.ActiveCfg = Release|Any CPU
		{C65AAB1A-1657-4E15-B0F1-B0DBC8F84320}.Release|Any CPU.Build.0 = Release|Any CPU
	EndGlobalSection
	GlobalSection(SolutionProperties) = preSolution
		HideSolutionNode = FALSE
	EndGlobalSection
	GlobalSection(ExtensibilityGlobals) = postSolution
		SolutionGuid = {57992B83-2587-4FFC-80DA-6E11484817C1}
	EndGlobalSection
EndGlobal
