
Microsoft Visual Studio Solution File, Format Version 12.00
# Visual Studio Version 16
VisualStudioVersion = 16.0.30523.141
MinimumVisualStudioVersion = 10.0.40219.1
Project("{FAE04EC0-301F-11D3-BF4B-00C04F79EFBC}") = "練習3", "練習3\練習3.csproj", "{BD661DE7-E4B0-40B0-B0A7-AADECEB071FB}"
EndProject
Global
	GlobalSection(SolutionConfigurationPlatforms) = preSolution
		Debug|Any CPU = Debug|Any CPU
		Release|Any CPU = Release|Any CPU
	EndGlobalSection
	GlobalSection(ProjectConfigurationPlatforms) = postSolution
		{BD661DE7-E4B0-40B0-B0A7-AADECEB071FB}.Debug|Any CPU.ActiveCfg = Debug|Any CPU
		{BD661DE7-E4B0-40B0-B0A7-AADECEB071FB}.Debug|Any CPU.Build.0 = Debug|Any CPU
		{BD661DE7-E4B0-40B0-B0A7-AADECEB071FB}.Release|Any CPU.ActiveCfg = Release|Any CPU
		{BD661DE7-E4B0-40B0-B0A7-AADECEB071FB}.Release|Any CPU.Build.0 = Release|Any CPU
	EndGlobalSection
	GlobalSection(SolutionProperties) = preSolution
		HideSolutionNode = FALSE
	EndGlobalSection
	GlobalSection(ExtensibilityGlobals) = postSolution
		SolutionGuid = {4DA7ED33-8399-49B1-9134-D1FBB15E5C5A}
	EndGlobalSection
EndGlobal
