
Microsoft Visual Studio Solution File, Format Version 12.00
# Visual Studio Version 16
VisualStudioVersion = 16.0.30523.141
MinimumVisualStudioVersion = 10.0.40219.1
Project("{FAE04EC0-301F-11D3-BF4B-00C04F79EFBC}") = "練習10", "練習10\練習10.csproj", "{A8917A7D-B5C6-4999-95BF-F32FB679F31B}"
EndProject
Global
	GlobalSection(SolutionConfigurationPlatforms) = preSolution
		Debug|Any CPU = Debug|Any CPU
		Release|Any CPU = Release|Any CPU
	EndGlobalSection
	GlobalSection(ProjectConfigurationPlatforms) = postSolution
		{A8917A7D-B5C6-4999-95BF-F32FB679F31B}.Debug|Any CPU.ActiveCfg = Debug|Any CPU
		{A8917A7D-B5C6-4999-95BF-F32FB679F31B}.Debug|Any CPU.Build.0 = Debug|Any CPU
		{A8917A7D-B5C6-4999-95BF-F32FB679F31B}.Release|Any CPU.ActiveCfg = Release|Any CPU
		{A8917A7D-B5C6-4999-95BF-F32FB679F31B}.Release|Any CPU.Build.0 = Release|Any CPU
	EndGlobalSection
	GlobalSection(SolutionProperties) = preSolution
		HideSolutionNode = FALSE
	EndGlobalSection
	GlobalSection(ExtensibilityGlobals) = postSolution
		SolutionGuid = {E02533E2-6066-4CFB-9D0C-489D1C02EBEB}
	EndGlobalSection
EndGlobal
